
Microsoft Visual Studio Solution File, Format Version 12.00
# Visual Studio Version 16
VisualStudioVersion = 16.0.30804.86
MinimumVisualStudioVersion = 10.0.40219.1
Project("{9A19103F-16F7-4668-BE54-9A1E7A4F7556}") = "DotNetMemo", "DotNetMemo\DotNetMemo.csproj", "{126325D7-C9FB-40E3-BA3D-6FDF57E27BA2}"
EndProject
Project("{00D1A9C2-B5F0-4AF3-8072-F6C62B433612}") = "DotNetMemo.SqlServer", "DotNetMemo.SqlServer\DotNetMemo.SqlServer.sqlproj", "{BC39111C-3873-46ED-B413-CAB3C2A3156B}"
EndProject
Global
	GlobalSection(SolutionConfigurationPlatforms) = preSolution
		Debug|Any CPU = Debug|Any CPU
		Release|Any CPU = Release|Any CPU
	EndGlobalSection
	GlobalSection(ProjectConfigurationPlatforms) = postSolution
		{126325D7-C9FB-40E3-BA3D-6FDF57E27BA2}.Debug|Any CPU.ActiveCfg = Debug|Any CPU
		{126325D7-C9FB-40E3-BA3D-6FDF57E27BA2}.Debug|Any CPU.Build.0 = Debug|Any CPU
		{126325D7-C9FB-40E3-BA3D-6FDF57E27BA2}.Release|Any CPU.ActiveCfg = Release|Any CPU
		{126325D7-C9FB-40E3-BA3D-6FDF57E27BA2}.Release|Any CPU.Build.0 = Release|Any CPU
		{BC39111C-3873-46ED-B413-CAB3C2A3156B}.Debug|Any CPU.ActiveCfg = Debug|Any CPU
		{BC39111C-3873-46ED-B413-CAB3C2A3156B}.Debug|Any CPU.Build.0 = Debug|Any CPU
		{BC39111C-3873-46ED-B413-CAB3C2A3156B}.Debug|Any CPU.Deploy.0 = Debug|Any CPU
		{BC39111C-3873-46ED-B413-CAB3C2A3156B}.Release|Any CPU.ActiveCfg = Release|Any CPU
		{BC39111C-3873-46ED-B413-CAB3C2A3156B}.Release|Any CPU.Build.0 = Release|Any CPU
		{BC39111C-3873-46ED-B413-CAB3C2A3156B}.Release|Any CPU.Deploy.0 = Release|Any CPU
	EndGlobalSection
	GlobalSection(SolutionProperties) = preSolution
		HideSolutionNode = FALSE
	EndGlobalSection
	GlobalSection(ExtensibilityGlobals) = postSolution
		SolutionGuid = {B4F0B89B-9034-4CEE-8AC7-FC937F4C324F}
	EndGlobalSection
EndGlobal
